
Microsoft Visual Studio Solution File, Format Version 12.00
# Visual Studio Version 16
VisualStudioVersion = 16.0.29503.13
MinimumVisualStudioVersion = 10.0.40219.1
Project("{9A19103F-16F7-4668-BE54-9A1E7A4F7556}") = "WebQueryToolkit", "src\WebQueryToolkit\WebQueryToolkit.csproj", "{8ABFA26C-3D83-419C-BADF-FA72CBAD7D39}"
EndProject
Project("{9A19103F-16F7-4668-BE54-9A1E7A4F7556}") = "WebQueryToolkit.Extension", "src\WebQueryToolkit.Extension\WebQueryToolkit.Extension.csproj", "{01DEA41B-4C94-4E31-86AF-7DB8F262E81D}"
EndProject
Project("{9A19103F-16F7-4668-BE54-9A1E7A4F7556}") = "xcst-codegen", "src\xcst-codegen\xcst-codegen.csproj", "{4CA68B0A-99C1-4780-AF96-57C437B034D5}"
EndProject
Global
	GlobalSection(SolutionConfigurationPlatforms) = preSolution
		Debug|Any CPU = Debug|Any CPU
		Release|Any CPU = Release|Any CPU
	EndGlobalSection
	GlobalSection(ProjectConfigurationPlatforms) = postSolution
		{8ABFA26C-3D83-419C-BADF-FA72CBAD7D39}.Debug|Any CPU.ActiveCfg = Debug|Any CPU
		{8ABFA26C-3D83-419C-BADF-FA72CBAD7D39}.Debug|Any CPU.Build.0 = Debug|Any CPU
		{8ABFA26C-3D83-419C-BADF-FA72CBAD7D39}.Release|Any CPU.ActiveCfg = Release|Any CPU
		{8ABFA26C-3D83-419C-BADF-FA72CBAD7D39}.Release|Any CPU.Build.0 = Release|Any CPU
		{01DEA41B-4C94-4E31-86AF-7DB8F262E81D}.Debug|Any CPU.ActiveCfg = Debug|Any CPU
		{01DEA41B-4C94-4E31-86AF-7DB8F262E81D}.Debug|Any CPU.Build.0 = Debug|Any CPU
		{01DEA41B-4C94-4E31-86AF-7DB8F262E81D}.Release|Any CPU.ActiveCfg = Release|Any CPU
		{01DEA41B-4C94-4E31-86AF-7DB8F262E81D}.Release|Any CPU.Build.0 = Release|Any CPU
		{4CA68B0A-99C1-4780-AF96-57C437B034D5}.Debug|Any CPU.ActiveCfg = Debug|Any CPU
		{4CA68B0A-99C1-4780-AF96-57C437B034D5}.Debug|Any CPU.Build.0 = Debug|Any CPU
		{4CA68B0A-99C1-4780-AF96-57C437B034D5}.Release|Any CPU.ActiveCfg = Release|Any CPU
		{4CA68B0A-99C1-4780-AF96-57C437B034D5}.Release|Any CPU.Build.0 = Release|Any CPU
	EndGlobalSection
	GlobalSection(SolutionProperties) = preSolution
		HideSolutionNode = FALSE
	EndGlobalSection
	GlobalSection(ExtensibilityGlobals) = postSolution
		SolutionGuid = {438DD66B-5B12-4C21-A56B-4B4D433A7154}
	EndGlobalSection
EndGlobal
