
Microsoft Visual Studio Solution File, Format Version 12.00
# Visual Studio Version 16
VisualStudioVersion = 16.0.29503.13
MinimumVisualStudioVersion = 10.0.40219.1
Project("{FAE04EC0-301F-11D3-BF4B-00C04F79EFBC}") = "WebQueryToolkit", "src\WebQueryToolkit\WebQueryToolkit.csproj", "{07106156-0E45-4E6B-B98C-35E315F99AC6}"
EndProject
Project("{2150E333-8FDC-42A3-9474-1A3956D46DE8}") = "schemas", "schemas", "{EFA47662-B283-469A-A595-FD95981A22A8}"
	ProjectSection(SolutionItems) = preProject
		packages\Xcst.AspNet.0.67.0\schemas\xcst-app.xsd = packages\Xcst.AspNet.0.67.0\schemas\xcst-app.xsd
		packages\Xcst.Compiler.0.106.0\schemas\xcst.xsd = packages\Xcst.Compiler.0.106.0\schemas\xcst.xsd
	EndProjectSection
EndProject
Project("{FAE04EC0-301F-11D3-BF4B-00C04F79EFBC}") = "WebQueryToolkit.Extension", "src\WebQueryToolkit.Extension\WebQueryToolkit.Extension.csproj", "{19F62794-313A-46EC-8A47-061AB6A6175B}"
EndProject
Global
	GlobalSection(SolutionConfigurationPlatforms) = preSolution
		Debug|Any CPU = Debug|Any CPU
		Release|Any CPU = Release|Any CPU
	EndGlobalSection
	GlobalSection(ProjectConfigurationPlatforms) = postSolution
		{07106156-0E45-4E6B-B98C-35E315F99AC6}.Debug|Any CPU.ActiveCfg = Debug|Any CPU
		{07106156-0E45-4E6B-B98C-35E315F99AC6}.Debug|Any CPU.Build.0 = Debug|Any CPU
		{07106156-0E45-4E6B-B98C-35E315F99AC6}.Release|Any CPU.ActiveCfg = Release|Any CPU
		{07106156-0E45-4E6B-B98C-35E315F99AC6}.Release|Any CPU.Build.0 = Release|Any CPU
		{19F62794-313A-46EC-8A47-061AB6A6175B}.Debug|Any CPU.ActiveCfg = Debug|Any CPU
		{19F62794-313A-46EC-8A47-061AB6A6175B}.Debug|Any CPU.Build.0 = Debug|Any CPU
		{19F62794-313A-46EC-8A47-061AB6A6175B}.Release|Any CPU.ActiveCfg = Release|Any CPU
		{19F62794-313A-46EC-8A47-061AB6A6175B}.Release|Any CPU.Build.0 = Release|Any CPU
	EndGlobalSection
	GlobalSection(SolutionProperties) = preSolution
		HideSolutionNode = FALSE
	EndGlobalSection
	GlobalSection(ExtensibilityGlobals) = postSolution
		SolutionGuid = {438DD66B-5B12-4C21-A56B-4B4D433A7154}
	EndGlobalSection
EndGlobal
